// !$*UTF8*$!
{
	archiveVersion = 1;
	classes = {
	};
	objectVersion = 46;
	objects = {

/* Begin PBXBuildFile section */
		6501E1F21906961300D14EA1 /* Foundation.framework in Frameworks */ = {isa = PBXBuildFile; fileRef = 6501E1F11906961300D14EA1 /* Foundation.framework */; };
		6501E1F41906961300D14EA1 /* CoreGraphics.framework in Frameworks */ = {isa = PBXBuildFile; fileRef = 6501E1F31906961300D14EA1 /* CoreGraphics.framework */; };
		6501E1F61906961300D14EA1 /* UIKit.framework in Frameworks */ = {isa = PBXBuildFile; fileRef = 6501E1F51906961300D14EA1 /* UIKit.framework */; };
		6501E1FC1906961300D14EA1 /* InfoPlist.strings in Resources */ = {isa = PBXBuildFile; fileRef = 6501E1FA1906961300D14EA1 /* InfoPlist.strings */; };
		6501E1FE1906961300D14EA1 /* main.m in Sources */ = {isa = PBXBuildFile; fileRef = 6501E1FD1906961300D14EA1 /* main.m */; };
		6501E2021906961300D14EA1 /* AppDelegate.m in Sources */ = {isa = PBXBuildFile; fileRef = 6501E2011906961300D14EA1 /* AppDelegate.m */; };
		6501E2041906961300D14EA1 /* Images.xcassets in Resources */ = {isa = PBXBuildFile; fileRef = 6501E2031906961300D14EA1 /* Images.xcassets */; };
		6501E20B1906961300D14EA1 /* XCTest.framework in Frameworks */ = {isa = PBXBuildFile; fileRef = 6501E20A1906961300D14EA1 /* XCTest.framework */; };
		6501E20C1906961300D14EA1 /* Foundation.framework in Frameworks */ = {isa = PBXBuildFile; fileRef = 6501E1F11906961300D14EA1 /* Foundation.framework */; };
		6501E20D1906961300D14EA1 /* UIKit.framework in Frameworks */ = {isa = PBXBuildFile; fileRef = 6501E1F51906961300D14EA1 /* UIKit.framework */; };
		6501E2151906961300D14EA1 /* InfoPlist.strings in Resources */ = {isa = PBXBuildFile; fileRef = 6501E2131906961300D14EA1 /* InfoPlist.strings */; };
		6501E2171906961300D14EA1 /* TopAppsListerTests.m in Sources */ = {isa = PBXBuildFile; fileRef = 6501E2161906961300D14EA1 /* TopAppsListerTests.m */; };
/* End PBXBuildFile section */

/* Begin PBXContainerItemProxy section */
		6501E20E1906961300D14EA1 /* PBXContainerItemProxy */ = {
			isa = PBXContainerItemProxy;
			containerPortal = 6501E1E61906961300D14EA1 /* Project object */;
			proxyType = 1;
			remoteGlobalIDString = 6501E1ED1906961300D14EA1;
			remoteInfo = TopAppsLister;
		};
/* End PBXContainerItemProxy section */

/* Begin PBXFileReference section */
		6501E1EE1906961300D14EA1 /* TopAppsLister.app */ = {isa = PBXFileReference; explicitFileType = wrapper.application; includeInIndex = 0; path = TopAppsLister.app; sourceTree = BUILT_PRODUCTS_DIR; };
		6501E1F11906961300D14EA1 /* Foundation.framework */ = {isa = PBXFileReference; lastKnownFileType = wrapper.framework; name = Foundation.framework; path = System/Library/Frameworks/Foundation.framework; sourceTree = SDKROOT; };
		6501E1F31906961300D14EA1 /* CoreGraphics.framework */ = {isa = PBXFileReference; lastKnownFileType = wrapper.framework; name = CoreGraphics.framework; path = System/Library/Frameworks/CoreGraphics.framework; sourceTree = SDKROOT; };
		6501E1F51906961300D14EA1 /* UIKit.framework */ = {isa = PBXFileReference; lastKnownFileType = wrapper.framework; name = UIKit.framework; path = System/Library/Frameworks/UIKit.framework; sourceTree = SDKROOT; };
		6501E1F91906961300D14EA1 /* TopAppsLister-Info.plist */ = {isa = PBXFileReference; lastKnownFileType = text.plist.xml; path = "TopAppsLister-Info.plist"; sourceTree = "<group>"; };
		6501E1FB1906961300D14EA1 /* en */ = {isa = PBXFileReference; lastKnownFileType = text.plist.strings; name = en; path = en.lproj/InfoPlist.strings; sourceTree = "<group>"; };
		6501E1FD1906961300D14EA1 /* main.m */ = {isa = PBXFileReference; lastKnownFileType = sourcecode.c.objc; path = main.m; sourceTree = "<group>"; };
		6501E1FF1906961300D14EA1 /* TopAppsLister-Prefix.pch */ = {isa = PBXFileReference; lastKnownFileType = sourcecode.c.h; path = "TopAppsLister-Prefix.pch"; sourceTree = "<group>"; };
		6501E2001906961300D14EA1 /* AppDelegate.h */ = {isa = PBXFileReference; lastKnownFileType = sourcecode.c.h; path = AppDelegate.h; sourceTree = "<group>"; };
		6501E2011906961300D14EA1 /* AppDelegate.m */ = {isa = PBXFileReference; lastKnownFileType = sourcecode.c.objc; path = AppDelegate.m; sourceTree = "<group>"; };
		6501E2031906961300D14EA1 /* Images.xcassets */ = {isa = PBXFileReference; lastKnownFileType = folder.assetcatalog; path = Images.xcassets; sourceTree = "<group>"; };
		6501E2091906961300D14EA1 /* TopAppsListerTests.xctest */ = {isa = PBXFileReference; explicitFileType = wrapper.cfbundle; includeInIndex = 0; path = TopAppsListerTests.xctest; sourceTree = BUILT_PRODUCTS_DIR; };
		6501E20A1906961300D14EA1 /* XCTest.framework */ = {isa = PBXFileReference; lastKnownFileType = wrapper.framework; name = XCTest.framework; path = Library/Frameworks/XCTest.framework; sourceTree = DEVELOPER_DIR; };
		6501E2121906961300D14EA1 /* TopAppsListerTests-Info.plist */ = {isa = PBXFileReference; lastKnownFileType = text.plist.xml; path = "TopAppsListerTests-Info.plist"; sourceTree = "<group>"; };
		6501E2141906961300D14EA1 /* en */ = {isa = PBXFileReference; lastKnownFileType = text.plist.strings; name = en; path = en.lproj/InfoPlist.strings; sourceTree = "<group>"; };
		6501E2161906961300D14EA1 /* TopAppsListerTests.m */ = {isa = PBXFileReference; lastKnownFileType = sourcecode.c.objc; path = TopAppsListerTests.m; sourceTree = "<group>"; };
/* End PBXFileReference section */

/* Begin PBXFrameworksBuildPhase section */
		6501E1EB1906961300D14EA1 /* Frameworks */ = {
			isa = PBXFrameworksBuildPhase;
			buildActionMask = 2147483647;
			files = (
				6501E1F41906961300D14EA1 /* CoreGraphics.framework in Frameworks */,
				6501E1F61906961300D14EA1 /* UIKit.framework in Frameworks */,
				6501E1F21906961300D14EA1 /* Foundation.framework in Frameworks */,
			);
			runOnlyForDeploymentPostprocessing = 0;
		};
		6501E2061906961300D14EA1 /* Frameworks */ = {
			isa = PBXFrameworksBuildPhase;
			buildActionMask = 2147483647;
			files = (
				6501E20B1906961300D14EA1 /* XCTest.framework in Frameworks */,
				6501E20D1906961300D14EA1 /* UIKit.framework in Frameworks */,
				6501E20C1906961300D14EA1 /* Foundation.framework in Frameworks */,
			);
			runOnlyForDeploymentPostprocessing = 0;
		};
/* End PBXFrameworksBuildPhase section */

/* Begin PBXGroup section */
		6501E1E51906961300D14EA1 = {
			isa = PBXGroup;
			children = (
				6501E1F71906961300D14EA1 /* TopAppsLister */,
				6501E2101906961300D14EA1 /* TopAppsListerTests */,
				6501E1F01906961300D14EA1 /* Frameworks */,
				6501E1EF1906961300D14EA1 /* Products */,
			);
			sourceTree = "<group>";
		};
		6501E1EF1906961300D14EA1 /* Products */ = {
			isa = PBXGroup;
			children = (
				6501E1EE1906961300D14EA1 /* TopAppsLister.app */,
				6501E2091906961300D14EA1 /* TopAppsListerTests.xctest */,
			);
			name = Products;
			sourceTree = "<group>";
		};
		6501E1F01906961300D14EA1 /* Frameworks */ = {
			isa = PBXGroup;
			children = (
				6501E1F11906961300D14EA1 /* Foundation.framework */,
				6501E1F31906961300D14EA1 /* CoreGraphics.framework */,
				6501E1F51906961300D14EA1 /* UIKit.framework */,
				6501E20A1906961300D14EA1 /* XCTest.framework */,
			);
			name = Frameworks;
			sourceTree = "<group>";
		};
		6501E1F71906961300D14EA1 /* TopAppsLister */ = {
			isa = PBXGroup;
			children = (
				6501E2001906961300D14EA1 /* AppDelegate.h */,
				6501E2011906961300D14EA1 /* AppDelegate.m */,
				6501E2031906961300D14EA1 /* Images.xcassets */,
				6501E1F81906961300D14EA1 /* Supporting Files */,
			);
			path = TopAppsLister;
			sourceTree = "<group>";
		};
		6501E1F81906961300D14EA1 /* Supporting Files */ = {
			isa = PBXGroup;
			children = (
				6501E1F91906961300D14EA1 /* TopAppsLister-Info.plist */,
				6501E1FA1906961300D14EA1 /* InfoPlist.strings */,
				6501E1FD1906961300D14EA1 /* main.m */,
				6501E1FF1906961300D14EA1 /* TopAppsLister-Prefix.pch */,
			);
			name = "Supporting Files";
			sourceTree = "<group>";
		};
		6501E2101906961300D14EA1 /* TopAppsListerTests */ = {
			isa = PBXGroup;
			children = (
				6501E2161906961300D14EA1 /* TopAppsListerTests.m */,
				6501E2111906961300D14EA1 /* Supporting Files */,
			);
			path = TopAppsListerTests;
			sourceTree = "<group>";
		};
		6501E2111906961300D14EA1 /* Supporting Files */ = {
			isa = PBXGroup;
			children = (
				6501E2121906961300D14EA1 /* TopAppsListerTests-Info.plist */,
				6501E2131906961300D14EA1 /* InfoPlist.strings */,
			);
			name = "Supporting Files";
			sourceTree = "<group>";
		};
/* End PBXGroup section */

/* Begin PBXNativeTarget section */
		6501E1ED1906961300D14EA1 /* TopAppsLister */ = {
			isa = PBXNativeTarget;
			buildConfigurationList = 6501E21A1906961300D14EA1 /* Build configuration list for PBXNativeTarget "TopAppsLister" */;
			buildPhases = (
				6501E1EA1906961300D14EA1 /* Sources */,
				6501E1EB1906961300D14EA1 /* Frameworks */,
				6501E1EC1906961300D14EA1 /* Resources */,
			);
			buildRules = (
			);
			dependencies = (
			);
			name = TopAppsLister;
			productName = TopAppsLister;
			productReference = 6501E1EE1906961300D14EA1 /* TopAppsLister.app */;
			productType = "com.apple.product-type.application";
		};
		6501E2081906961300D14EA1 /* TopAppsListerTests */ = {
			isa = PBXNativeTarget;
			buildConfigurationList = 6501E21D1906961300D14EA1 /* Build configuration list for PBXNativeTarget "TopAppsListerTests" */;
			buildPhases = (
				6501E2051906961300D14EA1 /* Sources */,
				6501E2061906961300D14EA1 /* Frameworks */,
				6501E2071906961300D14EA1 /* Resources */,
			);
			buildRules = (
			);
			dependencies = (
				6501E20F1906961300D14EA1 /* PBXTargetDependency */,
			);
			name = TopAppsListerTests;
			productName = TopAppsListerTests;
			productReference = 6501E2091906961300D14EA1 /* TopAppsListerTests.xctest */;
			productType = "com.apple.product-type.bundle.unit-test";
		};
/* End PBXNativeTarget section */

/* Begin PBXProject section */
		6501E1E61906961300D14EA1 /* Project object */ = {
			isa = PBXProject;
			attributes = {
				LastUpgradeCheck = 0500;
				ORGANIZATIONNAME = BLTest;
				TargetAttributes = {
					6501E2081906961300D14EA1 = {
						TestTargetID = 6501E1ED1906961300D14EA1;
					};
				};
			};
			buildConfigurationList = 6501E1E91906961300D14EA1 /* Build configuration list for PBXProject "TopAppsLister" */;
			compatibilityVersion = "Xcode 3.2";
			developmentRegion = English;
			hasScannedForEncodings = 0;
			knownRegions = (
				en,
			);
			mainGroup = 6501E1E51906961300D14EA1;
			productRefGroup = 6501E1EF1906961300D14EA1 /* Products */;
			projectDirPath = "";
			projectRoot = "";
			targets = (
				6501E1ED1906961300D14EA1 /* TopAppsLister */,
				6501E2081906961300D14EA1 /* TopAppsListerTests */,
			);
		};
/* End PBXProject section */

/* Begin PBXResourcesBuildPhase section */
		6501E1EC1906961300D14EA1 /* Resources */ = {
			isa = PBXResourcesBuildPhase;
			buildActionMask = 2147483647;
			files = (
				6501E1FC1906961300D14EA1 /* InfoPlist.strings in Resources */,
				6501E2041906961300D14EA1 /* Images.xcassets in Resources */,
			);
			runOnlyForDeploymentPostprocessing = 0;
		};
		6501E2071906961300D14EA1 /* Resources */ = {
			isa = PBXResourcesBuildPhase;
			buildActionMask = 2147483647;
			files = (
				6501E2151906961300D14EA1 /* InfoPlist.strings in Resources */,
			);
			runOnlyForDeploymentPostprocessing = 0;
		};
/* End PBXResourcesBuildPhase section */

/* Begin PBXSourcesBuildPhase section */
		6501E1EA1906961300D14EA1 /* Sources */ = {
			isa = PBXSourcesBuildPhase;
			buildActionMask = 2147483647;
			files = (
				6501E2021906961300D14EA1 /* AppDelegate.m in Sources */,
				6501E1FE1906961300D14EA1 /* main.m in Sources */,
			);
			runOnlyForDeploymentPostprocessing = 0;
		};
		6501E2051906961300D14EA1 /* Sources */ = {
			isa = PBXSourcesBuildPhase;
			buildActionMask = 2147483647;
			files = (
				6501E2171906961300D14EA1 /* TopAppsListerTests.m in Sources */,
			);
			runOnlyForDeploymentPostprocessing = 0;
		};
/* End PBXSourcesBuildPhase section */

/* Begin PBXTargetDependency section */
		6501E20F1906961300D14EA1 /* PBXTargetDependency */ = {
			isa = PBXTargetDependency;
			target = 6501E1ED1906961300D14EA1 /* TopAppsLister */;
			targetProxy = 6501E20E1906961300D14EA1 /* PBXContainerItemProxy */;
		};
/* End PBXTargetDependency section */

/* Begin PBXVariantGroup section */
		6501E1FA1906961300D14EA1 /* InfoPlist.strings */ = {
			isa = PBXVariantGroup;
			children = (
				6501E1FB1906961300D14EA1 /* en */,
			);
			name = InfoPlist.strings;
			sourceTree = "<group>";
		};
		6501E2131906961300D14EA1 /* InfoPlist.strings */ = {
			isa = PBXVariantGroup;
			children = (
				6501E2141906961300D14EA1 /* en */,
			);
			name = InfoPlist.strings;
			sourceTree = "<group>";
		};
/* End PBXVariantGroup section */

/* Begin XCBuildConfiguration section */
		6501E2181906961300D14EA1 /* Debug */ = {
			isa = XCBuildConfiguration;
			buildSettings = {
				ALWAYS_SEARCH_USER_PATHS = NO;
				ARCHS = "$(ARCHS_STANDARD_INCLUDING_64_BIT)";
				CLANG_CXX_LANGUAGE_STANDARD = "gnu++0x";
				CLANG_CXX_LIBRARY = "libc++";
				CLANG_ENABLE_MODULES = YES;
				CLANG_ENABLE_OBJC_ARC = YES;
				CLANG_WARN_BOOL_CONVERSION = YES;
				CLANG_WARN_CONSTANT_CONVERSION = YES;
				CLANG_WARN_DIRECT_OBJC_ISA_USAGE = YES_ERROR;
				CLANG_WARN_EMPTY_BODY = YES;
				CLANG_WARN_ENUM_CONVERSION = YES;
				CLANG_WARN_INT_CONVERSION = YES;
				CLANG_WARN_OBJC_ROOT_CLASS = YES_ERROR;
				CLANG_WARN__DUPLICATE_METHOD_MATCH = YES;
				"CODE_SIGN_IDENTITY[sdk=iphoneos*]" = "iPhone Developer";
				COPY_PHASE_STRIP = NO;
				GCC_C_LANGUAGE_STANDARD = gnu99;
				GCC_DYNAMIC_NO_PIC = NO;
				GCC_OPTIMIZATION_LEVEL = 0;
				GCC_PREPROCESSOR_DEFINITIONS = (
					"DEBUG=1",
					"$(inherited)",
				);
				GCC_SYMBOLS_PRIVATE_EXTERN = NO;
				GCC_WARN_64_TO_32_BIT_CONVERSION = YES;
				GCC_WARN_ABOUT_RETURN_TYPE = YES_ERROR;
				GCC_WARN_UNDECLARED_SELECTOR = YES;
				GCC_WARN_UNINITIALIZED_AUTOS = YES;
				GCC_WARN_UNUSED_FUNCTION = YES;
				GCC_WARN_UNUSED_VARIABLE = YES;
				IPHONEOS_DEPLOYMENT_TARGET = 7.0;
				ONLY_ACTIVE_ARCH = YES;
				SDKROOT = iphoneos;
			};
			name = Debug;
		};
		6501E2191906961300D14EA1 /* Release */ = {
			isa = XCBuildConfiguration;
			buildSettings = {
				ALWAYS_SEARCH_USER_PATHS = NO;
				ARCHS = "$(ARCHS_STANDARD_INCLUDING_64_BIT)";
				CLANG_CXX_LANGUAGE_STANDARD = "gnu++0x";
				CLANG_CXX_LIBRARY = "libc++";
				CLANG_ENABLE_MODULES = YES;
				CLANG_ENABLE_OBJC_ARC = YES;
				CLANG_WARN_BOOL_CONVERSION = YES;
				CLANG_WARN_CONSTANT_CONVERSION = YES;
				CLANG_WARN_DIRECT_OBJC_ISA_USAGE = YES_ERROR;
				CLANG_WARN_EMPTY_BODY = YES;
				CLANG_WARN_ENUM_CONVERSION = YES;
				CLANG_WARN_INT_CONVERSION = YES;
				CLANG_WARN_OBJC_ROOT_CLASS = YES_ERROR;
				CLANG_WARN__DUPLICATE_METHOD_MATCH = YES;
				"CODE_SIGN_IDENTITY[sdk=iphoneos*]" = "iPhone Developer";
				COPY_PHASE_STRIP = YES;
				ENABLE_NS_ASSERTIONS = NO;
				GCC_C_LANGUAGE_STANDARD = gnu99;
				GCC_WARN_64_TO_32_BIT_CONVERSION = YES;
				GCC_WARN_ABOUT_RETURN_TYPE = YES_ERROR;
				GCC_WARN_UNDECLARED_SELECTOR = YES;
				GCC_WARN_UNINITIALIZED_AUTOS = YES;
				GCC_WARN_UNUSED_FUNCTION = YES;
				GCC_WARN_UNUSED_VARIABLE = YES;
				IPHONEOS_DEPLOYMENT_TARGET = 7.0;
				SDKROOT = iphoneos;
				VALIDATE_PRODUCT = YES;
			};
			name = Release;
		};
		6501E21B1906961300D14EA1 /* Debug */ = {
			isa = XCBuildConfiguration;
			buildSettings = {
				ASSETCATALOG_COMPILER_APPICON_NAME = AppIcon;
				ASSETCATALOG_COMPILER_LAUNCHIMAGE_NAME = LaunchImage;
				GCC_PRECOMPILE_PREFIX_HEADER = YES;
				GCC_PREFIX_HEADER = "TopAppsLister/TopAppsLister-Prefix.pch";
				INFOPLIST_FILE = "TopAppsLister/TopAppsLister-Info.plist";
				PRODUCT_NAME = "$(TARGET_NAME)";
				WRAPPER_EXTENSION = app;
			};
			name = Debug;
		};
		6501E21C1906961300D14EA1 /* Release */ = {
			isa = XCBuildConfiguration;
			buildSettings = {
				ASSETCATALOG_COMPILER_APPICON_NAME = AppIcon;
				ASSETCATALOG_COMPILER_LAUNCHIMAGE_NAME = LaunchImage;
				GCC_PRECOMPILE_PREFIX_HEADER = YES;
				GCC_PREFIX_HEADER = "TopAppsLister/TopAppsLister-Prefix.pch";
				INFOPLIST_FILE = "TopAppsLister/TopAppsLister-Info.plist";
				PRODUCT_NAME = "$(TARGET_NAME)";
				WRAPPER_EXTENSION = app;
			};
			name = Release;
		};
		6501E21E1906961300D14EA1 /* Debug */ = {
			isa = XCBuildConfiguration;
			buildSettings = {
				ARCHS = "$(ARCHS_STANDARD_INCLUDING_64_BIT)";
				BUNDLE_LOADER = "$(BUILT_PRODUCTS_DIR)/TopAppsLister.app/TopAppsLister";
				FRAMEWORK_SEARCH_PATHS = (
					"$(SDKROOT)/Developer/Library/Frameworks",
					"$(inherited)",
					"$(DEVELOPER_FRAMEWORKS_DIR)",
				);
				GCC_PRECOMPILE_PREFIX_HEADER = YES;
				GCC_PREFIX_HEADER = "TopAppsLister/TopAppsLister-Prefix.pch";
				GCC_PREPROCESSOR_DEFINITIONS = (
					"DEBUG=1",
					"$(inherited)",
				);
				INFOPLIST_FILE = "TopAppsListerTests/TopAppsListerTests-Info.plist";
				PRODUCT_NAME = "$(TARGET_NAME)";
				TEST_HOST = "$(BUNDLE_LOADER)";
				WRAPPER_EXTENSION = xctest;
			};
			name = Debug;
		};
		6501E21F1906961300D14EA1 /* Release */ = {
			isa = XCBuildConfiguration;
			buildSettings = {
				ARCHS = "$(ARCHS_STANDARD_INCLUDING_64_BIT)";
				BUNDLE_LOADER = "$(BUILT_PRODUCTS_DIR)/TopAppsLister.app/TopAppsLister";
				FRAMEWORK_SEARCH_PATHS = (
					"$(SDKROOT)/Developer/Library/Frameworks",
					"$(inherited)",
					"$(DEVELOPER_FRAMEWORKS_DIR)",
				);
				GCC_PRECOMPILE_PREFIX_HEADER = YES;
				GCC_PREFIX_HEADER = "TopAppsLister/TopAppsLister-Prefix.pch";
				INFOPLIST_FILE = "TopAppsListerTests/TopAppsListerTests-Info.plist";
				PRODUCT_NAME = "$(TARGET_NAME)";
				TEST_HOST = "$(BUNDLE_LOADER)";
				WRAPPER_EXTENSION = xctest;
			};
			name = Release;
		};
/* End XCBuildConfiguration section */

/* Begin XCConfigurationList section */
		6501E1E91906961300D14EA1 /* Build configuration list for PBXProject "TopAppsLister" */ = {
			isa = XCConfigurationList;
			buildConfigurations = (
				6501E2181906961300D14EA1 /* Debug */,
				6501E2191906961300D14EA1 /* Release */,
			);
			defaultConfigurationIsVisible = 0;
			defaultConfigurationName = Release;
		};
		6501E21A1906961300D14EA1 /* Build configuration list for PBXNativeTarget "TopAppsLister" */ = {
			isa = XCConfigurationList;
			buildConfigurations = (
				6501E21B1906961300D14EA1 /* Debug */,
				6501E21C1906961300D14EA1 /* Release */,
			);
			defaultConfigurationIsVisible = 0;
		};
		6501E21D1906961300D14EA1 /* Build configuration list for PBXNativeTarget "TopAppsListerTests" */ = {
			isa = XCConfigurationList;
			buildConfigurations = (
				6501E21E1906961300D14EA1 /* Debug */,
				6501E21F1906961300D14EA1 /* Release */,
			);
			defaultConfigurationIsVisible = 0;
		};
/* End XCConfigurationList section */
	};
	rootObject = 6501E1E61906961300D14EA1 /* Project object */;
}
